
Microsoft Visual Studio Solution File, Format Version 12.00
# Visual Studio Version 17
VisualStudioVersion = 17.10.34928.147
MinimumVisualStudioVersion = 10.0.40219.1
Project("{9A19103F-16F7-4668-BE54-9A1E7A4F7556}") = "Smart-Cart", "Smart-Cart\Smart-Cart.csproj", "{AC676DAF-F9B7-46E4-A0AD-3FAB919ABEA9}"
EndProject
Project("{FAE04EC0-301F-11D3-BF4B-00C04F79EFBC}") = "Smart_Cart_Test", "Smart_Cart_Test\Smart_Cart_Test.csproj", "{5C4E2491-7658-4F36-8D8F-61E4F92AF127}"
EndProject
Global
	GlobalSection(SolutionConfigurationPlatforms) = preSolution
		Debug|Any CPU = Debug|Any CPU
		Release|Any CPU = Release|Any CPU
	EndGlobalSection
	GlobalSection(ProjectConfigurationPlatforms) = postSolution
		{AC676DAF-F9B7-46E4-A0AD-3FAB919ABEA9}.Debug|Any CPU.ActiveCfg = Debug|Any CPU
		{AC676DAF-F9B7-46E4-A0AD-3FAB919ABEA9}.Debug|Any CPU.Build.0 = Debug|Any CPU
		{AC676DAF-F9B7-46E4-A0AD-3FAB919ABEA9}.Release|Any CPU.ActiveCfg = Release|Any CPU
		{AC676DAF-F9B7-46E4-A0AD-3FAB919ABEA9}.Release|Any CPU.Build.0 = Release|Any CPU
		{5C4E2491-7658-4F36-8D8F-61E4F92AF127}.Debug|Any CPU.ActiveCfg = Debug|Any CPU
		{5C4E2491-7658-4F36-8D8F-61E4F92AF127}.Debug|Any CPU.Build.0 = Debug|Any CPU
		{5C4E2491-7658-4F36-8D8F-61E4F92AF127}.Release|Any CPU.ActiveCfg = Release|Any CPU
		{5C4E2491-7658-4F36-8D8F-61E4F92AF127}.Release|Any CPU.Build.0 = Release|Any CPU
	EndGlobalSection
	GlobalSection(SolutionProperties) = preSolution
		HideSolutionNode = FALSE
	EndGlobalSection
	GlobalSection(ExtensibilityGlobals) = postSolution
		SolutionGuid = {0BA3A303-D051-4EA1-B507-FC87C01F8B69}
	EndGlobalSection
EndGlobal
